
Microsoft Visual Studio Solution File, Format Version 12.00
# Visual Studio 15
VisualStudioVersion = 15.0.28307.271
MinimumVisualStudioVersion = 10.0.40219.1
Project("{FAE04EC0-301F-11D3-BF4B-00C04F79EFBC}") = "ConsoleApp3", "ConsoleApp3\ConsoleApp3.csproj", "{70C376BF-B8DD-468D-A35C-9C465DCDF74B}"
EndProject
Global
	GlobalSection(SolutionConfigurationPlatforms) = preSolution
		Debug|Any CPU = Debug|Any CPU
		Release|Any CPU = Release|Any CPU
	EndGlobalSection
	GlobalSection(ProjectConfigurationPlatforms) = postSolution
		{70C376BF-B8DD-468D-A35C-9C465DCDF74B}.Debug|Any CPU.ActiveCfg = Debug|Any CPU
		{70C376BF-B8DD-468D-A35C-9C465DCDF74B}.Debug|Any CPU.Build.0 = Debug|Any CPU
		{70C376BF-B8DD-468D-A35C-9C465DCDF74B}.Release|Any CPU.ActiveCfg = Release|Any CPU
		{70C376BF-B8DD-468D-A35C-9C465DCDF74B}.Release|Any CPU.Build.0 = Release|Any CPU
	EndGlobalSection
	GlobalSection(SolutionProperties) = preSolution
		HideSolutionNode = FALSE
	EndGlobalSection
	GlobalSection(ExtensibilityGlobals) = postSolution
		SolutionGuid = {77223EA6-2A3E-421A-B22B-B3FFA04C9604}
	EndGlobalSection
EndGlobal
